
Microsoft Visual Studio Solution File, Format Version 12.00
# Visual Studio Version 17
VisualStudioVersion = 17.5.002.0
MinimumVisualStudioVersion = 10.0.40219.1
Project("{9A19103F-16F7-4668-BE54-9A1E7A4F7556}") = "abstract-factory", "abstract-factory.csproj", "{E363EACF-D4E6-4880-AB11-4B0E2CD0878F}"
EndProject
Global
	GlobalSection(SolutionConfigurationPlatforms) = preSolution
		Debug|Any CPU = Debug|Any CPU
		Release|Any CPU = Release|Any CPU
	EndGlobalSection
	GlobalSection(ProjectConfigurationPlatforms) = postSolution
		{E363EACF-D4E6-4880-AB11-4B0E2CD0878F}.Debug|Any CPU.ActiveCfg = Debug|Any CPU
		{E363EACF-D4E6-4880-AB11-4B0E2CD0878F}.Debug|Any CPU.Build.0 = Debug|Any CPU
		{E363EACF-D4E6-4880-AB11-4B0E2CD0878F}.Release|Any CPU.ActiveCfg = Release|Any CPU
		{E363EACF-D4E6-4880-AB11-4B0E2CD0878F}.Release|Any CPU.Build.0 = Release|Any CPU
	EndGlobalSection
	GlobalSection(SolutionProperties) = preSolution
		HideSolutionNode = FALSE
	EndGlobalSection
	GlobalSection(ExtensibilityGlobals) = postSolution
		SolutionGuid = {1B3ECDB7-6A56-47CB-9A03-3280559ADB43}
	EndGlobalSection
EndGlobal
